{
  "pins" : [
    {
      "identity" : "bootstrapstarter",
      "kind" : "remoteSourceControl",
      "location" : "https://github.com/tomieq/BootstrapStarter",
      "state" : {
        "branch" : "master",
        "revision" : "437e3252af95a25bc6b476608d5607d578b71866"
      }
    },
    {
      "identity" : "env",
      "kind" : "remoteSourceControl",
      "location" : "https://github.com/tomieq/Env",
      "state" : {
        "revision" : "e01f1f6c5f73e708a6e15dac1a943f663c6f42d4",
        "version" : "1.0.0"
      }
    },
    {
      "identity" : "swifter",
      "kind" : "remoteSourceControl",
      "location" : "https://github.com/tomieq/swifter.git",
      "state" : {
        "revision" : "efd64b03937c81651d77fe9475e698c2aa701fca",
        "version" : "3.0.0"
      }
    },
    {
      "identity" : "template.swift",
      "kind" : "remoteSourceControl",
      "location" : "https://github.com/tomieq/Template.swift.git",
      "state" : {
        "revision" : "302854a17e2f38ba6a9cb79a46689884a44b5f70",
        "version" : "1.6.0"
      }
    }
  ],
  "version" : 2
}
